
Microsoft Visual Studio Solution File, Format Version 12.00
# Visual Studio Version 17
VisualStudioVersion = 17.3.32929.385
MinimumVisualStudioVersion = 10.0.40219.1
Project("{9A19103F-16F7-4668-BE54-9A1E7A4F7556}") = "Decorator", "Decorator\Decorator.csproj", "{5FB3CABA-1918-4363-BC44-1AC36420606D}"
EndProject
Project("{2150E333-8FDC-42A3-9474-1A3956D46DE8}") = "Creational", "Creational", "{A7F631F0-DCFA-4D66-B821-A066B2F1DF8C}"
EndProject
Project("{2150E333-8FDC-42A3-9474-1A3956D46DE8}") = "Structural", "Structural", "{1ECEFFED-FC33-41BE-A314-C4FA9818279A}"
EndProject
Project("{2150E333-8FDC-42A3-9474-1A3956D46DE8}") = "Behavioral", "Behavioral", "{0AF45384-2710-4429-BE06-D86CF9764B47}"
EndProject
Project("{9A19103F-16F7-4668-BE54-9A1E7A4F7556}") = "AbstractFactory", "AbstractFactory\AbstractFactory.csproj", "{1CF50094-9648-4F25-9291-CB673C7D322C}"
EndProject
Project("{9A19103F-16F7-4668-BE54-9A1E7A4F7556}") = "Builder", "Builder\Builder.csproj", "{35736E30-1B4A-444D-83F4-5B423455C6E0}"
EndProject
Project("{9A19103F-16F7-4668-BE54-9A1E7A4F7556}") = "FactoryMethod", "FactoryMethod\FactoryMethod.csproj", "{5B2A10E2-555A-48E4-9CEB-213CD65ADE44}"
EndProject
Project("{9A19103F-16F7-4668-BE54-9A1E7A4F7556}") = "Prototype", "Prototype\Prototype.csproj", "{49D453A4-8A67-49B8-9260-BB7CA2B813BD}"
EndProject
Project("{9A19103F-16F7-4668-BE54-9A1E7A4F7556}") = "Singleton", "Singleton\Singleton.csproj", "{7638D916-EAD0-445B-9198-DD42CC020182}"
EndProject
Project("{9A19103F-16F7-4668-BE54-9A1E7A4F7556}") = "Adapter", "Adapter\Adapter.csproj", "{808DA2D4-C248-47F2-BC23-1AF02CA2EFE4}"
EndProject
Project("{9A19103F-16F7-4668-BE54-9A1E7A4F7556}") = "Bridge", "Bridge\Bridge.csproj", "{EC26573A-B150-4B26-92CE-D14716E4EDFA}"
EndProject
Project("{9A19103F-16F7-4668-BE54-9A1E7A4F7556}") = "Composite", "Composite\Composite.csproj", "{9DE20B39-549C-4410-84CC-93255A7E7439}"
EndProject
Project("{9A19103F-16F7-4668-BE54-9A1E7A4F7556}") = "Facade", "Facade\Facade.csproj", "{2AB89ADF-09DC-40A9-8AC4-FE38404B4941}"
EndProject
Project("{9A19103F-16F7-4668-BE54-9A1E7A4F7556}") = "Flyweight", "Flyweight\Flyweight.csproj", "{A0228539-081A-4DFB-B871-F63730C73E18}"
EndProject
Project("{9A19103F-16F7-4668-BE54-9A1E7A4F7556}") = "Proxy", "Proxy\Proxy.csproj", "{F1608AC4-6B02-4299-BCE1-E96FFF46EE91}"
EndProject
Project("{9A19103F-16F7-4668-BE54-9A1E7A4F7556}") = "ChainOfResponsibility", "ChainOfResponsibility\ChainOfResponsibility.csproj", "{2EFCC8E1-7A51-43EB-A4C7-795994AD54E9}"
EndProject
Project("{9A19103F-16F7-4668-BE54-9A1E7A4F7556}") = "Command", "Command\Command.csproj", "{F4CC6BBC-B7A8-4C70-9647-4ECBF1EFDF47}"
EndProject
Project("{9A19103F-16F7-4668-BE54-9A1E7A4F7556}") = "Iterator", "Iterator\Iterator.csproj", "{A8052CB0-BF7B-4FFB-960F-7FD9C1ACFA60}"
EndProject
Project("{9A19103F-16F7-4668-BE54-9A1E7A4F7556}") = "Mediator", "Mediator\Mediator.csproj", "{92DC24D6-8578-4851-B570-F4A182EB7649}"
EndProject
Project("{FAE04EC0-301F-11D3-BF4B-00C04F79EFBC}") = "Strategy", "Strategy\Strategy.csproj", "{EA80FC7B-4D91-4047-B609-A461E9968621}"
EndProject
Project("{FAE04EC0-301F-11D3-BF4B-00C04F79EFBC}") = "Memento", "Memento\Memento.csproj", "{0C1D0D74-E9DC-4670-BFBD-2F9D4CD6367F}"
EndProject
Project("{FAE04EC0-301F-11D3-BF4B-00C04F79EFBC}") = "Observer", "Observer\Observer.csproj", "{B325CBAC-1E0D-4847-9F26-DD3E9D43D426}"
EndProject
Project("{FAE04EC0-301F-11D3-BF4B-00C04F79EFBC}") = "State", "State\State.csproj", "{F6277283-B283-4C86-BDD9-789FE7D28075}"
EndProject
Project("{FAE04EC0-301F-11D3-BF4B-00C04F79EFBC}") = "Template Method", "Template Method\Template Method.csproj", "{FFBCCE24-0A9E-42F3-A00B-40B4D5DCA58A}"
EndProject
Project("{FAE04EC0-301F-11D3-BF4B-00C04F79EFBC}") = "Visitor", "Visitor\Visitor.csproj", "{16F3D0E8-13C2-4B59-930E-48D995BA3D0A}"
EndProject
Project("{FAE04EC0-301F-11D3-BF4B-00C04F79EFBC}") = "Interpreter", "Interpreter\Interpreter.csproj", "{4BF890C7-1B7E-4067-A2C6-7C95836D97DB}"
EndProject
Global
	GlobalSection(SolutionConfigurationPlatforms) = preSolution
		Debug|Any CPU = Debug|Any CPU
		Release|Any CPU = Release|Any CPU
	EndGlobalSection
	GlobalSection(ProjectConfigurationPlatforms) = postSolution
		{5FB3CABA-1918-4363-BC44-1AC36420606D}.Debug|Any CPU.ActiveCfg = Debug|Any CPU
		{5FB3CABA-1918-4363-BC44-1AC36420606D}.Debug|Any CPU.Build.0 = Debug|Any CPU
		{5FB3CABA-1918-4363-BC44-1AC36420606D}.Release|Any CPU.ActiveCfg = Release|Any CPU
		{5FB3CABA-1918-4363-BC44-1AC36420606D}.Release|Any CPU.Build.0 = Release|Any CPU
		{1CF50094-9648-4F25-9291-CB673C7D322C}.Debug|Any CPU.ActiveCfg = Debug|Any CPU
		{1CF50094-9648-4F25-9291-CB673C7D322C}.Debug|Any CPU.Build.0 = Debug|Any CPU
		{1CF50094-9648-4F25-9291-CB673C7D322C}.Release|Any CPU.ActiveCfg = Release|Any CPU
		{1CF50094-9648-4F25-9291-CB673C7D322C}.Release|Any CPU.Build.0 = Release|Any CPU
		{35736E30-1B4A-444D-83F4-5B423455C6E0}.Debug|Any CPU.ActiveCfg = Debug|Any CPU
		{35736E30-1B4A-444D-83F4-5B423455C6E0}.Debug|Any CPU.Build.0 = Debug|Any CPU
		{35736E30-1B4A-444D-83F4-5B423455C6E0}.Release|Any CPU.ActiveCfg = Release|Any CPU
		{35736E30-1B4A-444D-83F4-5B423455C6E0}.Release|Any CPU.Build.0 = Release|Any CPU
		{5B2A10E2-555A-48E4-9CEB-213CD65ADE44}.Debug|Any CPU.ActiveCfg = Debug|Any CPU
		{5B2A10E2-555A-48E4-9CEB-213CD65ADE44}.Debug|Any CPU.Build.0 = Debug|Any CPU
		{5B2A10E2-555A-48E4-9CEB-213CD65ADE44}.Release|Any CPU.ActiveCfg = Release|Any CPU
		{5B2A10E2-555A-48E4-9CEB-213CD65ADE44}.Release|Any CPU.Build.0 = Release|Any CPU
		{49D453A4-8A67-49B8-9260-BB7CA2B813BD}.Debug|Any CPU.ActiveCfg = Debug|Any CPU
		{49D453A4-8A67-49B8-9260-BB7CA2B813BD}.Debug|Any CPU.Build.0 = Debug|Any CPU
		{49D453A4-8A67-49B8-9260-BB7CA2B813BD}.Release|Any CPU.ActiveCfg = Release|Any CPU
		{49D453A4-8A67-49B8-9260-BB7CA2B813BD}.Release|Any CPU.Build.0 = Release|Any CPU
		{7638D916-EAD0-445B-9198-DD42CC020182}.Debug|Any CPU.ActiveCfg = Debug|Any CPU
		{7638D916-EAD0-445B-9198-DD42CC020182}.Debug|Any CPU.Build.0 = Debug|Any CPU
		{7638D916-EAD0-445B-9198-DD42CC020182}.Release|Any CPU.ActiveCfg = Release|Any CPU
		{7638D916-EAD0-445B-9198-DD42CC020182}.Release|Any CPU.Build.0 = Release|Any CPU
		{808DA2D4-C248-47F2-BC23-1AF02CA2EFE4}.Debug|Any CPU.ActiveCfg = Debug|Any CPU
		{808DA2D4-C248-47F2-BC23-1AF02CA2EFE4}.Debug|Any CPU.Build.0 = Debug|Any CPU
		{808DA2D4-C248-47F2-BC23-1AF02CA2EFE4}.Release|Any CPU.ActiveCfg = Release|Any CPU
		{808DA2D4-C248-47F2-BC23-1AF02CA2EFE4}.Release|Any CPU.Build.0 = Release|Any CPU
		{EC26573A-B150-4B26-92CE-D14716E4EDFA}.Debug|Any CPU.ActiveCfg = Debug|Any CPU
		{EC26573A-B150-4B26-92CE-D14716E4EDFA}.Debug|Any CPU.Build.0 = Debug|Any CPU
		{EC26573A-B150-4B26-92CE-D14716E4EDFA}.Release|Any CPU.ActiveCfg = Release|Any CPU
		{EC26573A-B150-4B26-92CE-D14716E4EDFA}.Release|Any CPU.Build.0 = Release|Any CPU
		{9DE20B39-549C-4410-84CC-93255A7E7439}.Debug|Any CPU.ActiveCfg = Debug|Any CPU
		{9DE20B39-549C-4410-84CC-93255A7E7439}.Debug|Any CPU.Build.0 = Debug|Any CPU
		{9DE20B39-549C-4410-84CC-93255A7E7439}.Release|Any CPU.ActiveCfg = Release|Any CPU
		{9DE20B39-549C-4410-84CC-93255A7E7439}.Release|Any CPU.Build.0 = Release|Any CPU
		{2AB89ADF-09DC-40A9-8AC4-FE38404B4941}.Debug|Any CPU.ActiveCfg = Debug|Any CPU
		{2AB89ADF-09DC-40A9-8AC4-FE38404B4941}.Debug|Any CPU.Build.0 = Debug|Any CPU
		{2AB89ADF-09DC-40A9-8AC4-FE38404B4941}.Release|Any CPU.ActiveCfg = Release|Any CPU
		{2AB89ADF-09DC-40A9-8AC4-FE38404B4941}.Release|Any CPU.Build.0 = Release|Any CPU
		{A0228539-081A-4DFB-B871-F63730C73E18}.Debug|Any CPU.ActiveCfg = Debug|Any CPU
		{A0228539-081A-4DFB-B871-F63730C73E18}.Debug|Any CPU.Build.0 = Debug|Any CPU
		{A0228539-081A-4DFB-B871-F63730C73E18}.Release|Any CPU.ActiveCfg = Release|Any CPU
		{A0228539-081A-4DFB-B871-F63730C73E18}.Release|Any CPU.Build.0 = Release|Any CPU
		{F1608AC4-6B02-4299-BCE1-E96FFF46EE91}.Debug|Any CPU.ActiveCfg = Debug|Any CPU
		{F1608AC4-6B02-4299-BCE1-E96FFF46EE91}.Debug|Any CPU.Build.0 = Debug|Any CPU
		{F1608AC4-6B02-4299-BCE1-E96FFF46EE91}.Release|Any CPU.ActiveCfg = Release|Any CPU
		{F1608AC4-6B02-4299-BCE1-E96FFF46EE91}.Release|Any CPU.Build.0 = Release|Any CPU
		{2EFCC8E1-7A51-43EB-A4C7-795994AD54E9}.Debug|Any CPU.ActiveCfg = Debug|Any CPU
		{2EFCC8E1-7A51-43EB-A4C7-795994AD54E9}.Debug|Any CPU.Build.0 = Debug|Any CPU
		{2EFCC8E1-7A51-43EB-A4C7-795994AD54E9}.Release|Any CPU.ActiveCfg = Release|Any CPU
		{2EFCC8E1-7A51-43EB-A4C7-795994AD54E9}.Release|Any CPU.Build.0 = Release|Any CPU
		{F4CC6BBC-B7A8-4C70-9647-4ECBF1EFDF47}.Debug|Any CPU.ActiveCfg = Debug|Any CPU
		{F4CC6BBC-B7A8-4C70-9647-4ECBF1EFDF47}.Debug|Any CPU.Build.0 = Debug|Any CPU
		{F4CC6BBC-B7A8-4C70-9647-4ECBF1EFDF47}.Release|Any CPU.ActiveCfg = Release|Any CPU
		{F4CC6BBC-B7A8-4C70-9647-4ECBF1EFDF47}.Release|Any CPU.Build.0 = Release|Any CPU
		{A8052CB0-BF7B-4FFB-960F-7FD9C1ACFA60}.Debug|Any CPU.ActiveCfg = Debug|Any CPU
		{A8052CB0-BF7B-4FFB-960F-7FD9C1ACFA60}.Debug|Any CPU.Build.0 = Debug|Any CPU
		{A8052CB0-BF7B-4FFB-960F-7FD9C1ACFA60}.Release|Any CPU.ActiveCfg = Release|Any CPU
		{A8052CB0-BF7B-4FFB-960F-7FD9C1ACFA60}.Release|Any CPU.Build.0 = Release|Any CPU
		{92DC24D6-8578-4851-B570-F4A182EB7649}.Debug|Any CPU.ActiveCfg = Debug|Any CPU
		{92DC24D6-8578-4851-B570-F4A182EB7649}.Debug|Any CPU.Build.0 = Debug|Any CPU
		{92DC24D6-8578-4851-B570-F4A182EB7649}.Release|Any CPU.ActiveCfg = Release|Any CPU
		{92DC24D6-8578-4851-B570-F4A182EB7649}.Release|Any CPU.Build.0 = Release|Any CPU
		{EA80FC7B-4D91-4047-B609-A461E9968621}.Debug|Any CPU.ActiveCfg = Debug|Any CPU
		{EA80FC7B-4D91-4047-B609-A461E9968621}.Debug|Any CPU.Build.0 = Debug|Any CPU
		{EA80FC7B-4D91-4047-B609-A461E9968621}.Release|Any CPU.ActiveCfg = Release|Any CPU
		{EA80FC7B-4D91-4047-B609-A461E9968621}.Release|Any CPU.Build.0 = Release|Any CPU
		{0C1D0D74-E9DC-4670-BFBD-2F9D4CD6367F}.Debug|Any CPU.ActiveCfg = Debug|Any CPU
		{0C1D0D74-E9DC-4670-BFBD-2F9D4CD6367F}.Debug|Any CPU.Build.0 = Debug|Any CPU
		{0C1D0D74-E9DC-4670-BFBD-2F9D4CD6367F}.Release|Any CPU.ActiveCfg = Release|Any CPU
		{0C1D0D74-E9DC-4670-BFBD-2F9D4CD6367F}.Release|Any CPU.Build.0 = Release|Any CPU
		{B325CBAC-1E0D-4847-9F26-DD3E9D43D426}.Debug|Any CPU.ActiveCfg = Debug|Any CPU
		{B325CBAC-1E0D-4847-9F26-DD3E9D43D426}.Debug|Any CPU.Build.0 = Debug|Any CPU
		{B325CBAC-1E0D-4847-9F26-DD3E9D43D426}.Release|Any CPU.ActiveCfg = Release|Any CPU
		{B325CBAC-1E0D-4847-9F26-DD3E9D43D426}.Release|Any CPU.Build.0 = Release|Any CPU
		{F6277283-B283-4C86-BDD9-789FE7D28075}.Debug|Any CPU.ActiveCfg = Debug|Any CPU
		{F6277283-B283-4C86-BDD9-789FE7D28075}.Debug|Any CPU.Build.0 = Debug|Any CPU
		{F6277283-B283-4C86-BDD9-789FE7D28075}.Release|Any CPU.ActiveCfg = Release|Any CPU
		{F6277283-B283-4C86-BDD9-789FE7D28075}.Release|Any CPU.Build.0 = Release|Any CPU
		{FFBCCE24-0A9E-42F3-A00B-40B4D5DCA58A}.Debug|Any CPU.ActiveCfg = Debug|Any CPU
		{FFBCCE24-0A9E-42F3-A00B-40B4D5DCA58A}.Debug|Any CPU.Build.0 = Debug|Any CPU
		{FFBCCE24-0A9E-42F3-A00B-40B4D5DCA58A}.Release|Any CPU.ActiveCfg = Release|Any CPU
		{FFBCCE24-0A9E-42F3-A00B-40B4D5DCA58A}.Release|Any CPU.Build.0 = Release|Any CPU
		{16F3D0E8-13C2-4B59-930E-48D995BA3D0A}.Debug|Any CPU.ActiveCfg = Debug|Any CPU
		{16F3D0E8-13C2-4B59-930E-48D995BA3D0A}.Debug|Any CPU.Build.0 = Debug|Any CPU
		{16F3D0E8-13C2-4B59-930E-48D995BA3D0A}.Release|Any CPU.ActiveCfg = Release|Any CPU
		{16F3D0E8-13C2-4B59-930E-48D995BA3D0A}.Release|Any CPU.Build.0 = Release|Any CPU
		{4BF890C7-1B7E-4067-A2C6-7C95836D97DB}.Debug|Any CPU.ActiveCfg = Debug|Any CPU
		{4BF890C7-1B7E-4067-A2C6-7C95836D97DB}.Debug|Any CPU.Build.0 = Debug|Any CPU
		{4BF890C7-1B7E-4067-A2C6-7C95836D97DB}.Release|Any CPU.ActiveCfg = Release|Any CPU
		{4BF890C7-1B7E-4067-A2C6-7C95836D97DB}.Release|Any CPU.Build.0 = Release|Any CPU
	EndGlobalSection
	GlobalSection(SolutionProperties) = preSolution
		HideSolutionNode = FALSE
	EndGlobalSection
	GlobalSection(NestedProjects) = preSolution
		{5FB3CABA-1918-4363-BC44-1AC36420606D} = {1ECEFFED-FC33-41BE-A314-C4FA9818279A}
		{1CF50094-9648-4F25-9291-CB673C7D322C} = {A7F631F0-DCFA-4D66-B821-A066B2F1DF8C}
		{35736E30-1B4A-444D-83F4-5B423455C6E0} = {A7F631F0-DCFA-4D66-B821-A066B2F1DF8C}
		{5B2A10E2-555A-48E4-9CEB-213CD65ADE44} = {A7F631F0-DCFA-4D66-B821-A066B2F1DF8C}
		{49D453A4-8A67-49B8-9260-BB7CA2B813BD} = {A7F631F0-DCFA-4D66-B821-A066B2F1DF8C}
		{7638D916-EAD0-445B-9198-DD42CC020182} = {A7F631F0-DCFA-4D66-B821-A066B2F1DF8C}
		{808DA2D4-C248-47F2-BC23-1AF02CA2EFE4} = {1ECEFFED-FC33-41BE-A314-C4FA9818279A}
		{EC26573A-B150-4B26-92CE-D14716E4EDFA} = {1ECEFFED-FC33-41BE-A314-C4FA9818279A}
		{9DE20B39-549C-4410-84CC-93255A7E7439} = {1ECEFFED-FC33-41BE-A314-C4FA9818279A}
		{2AB89ADF-09DC-40A9-8AC4-FE38404B4941} = {1ECEFFED-FC33-41BE-A314-C4FA9818279A}
		{A0228539-081A-4DFB-B871-F63730C73E18} = {1ECEFFED-FC33-41BE-A314-C4FA9818279A}
		{F1608AC4-6B02-4299-BCE1-E96FFF46EE91} = {1ECEFFED-FC33-41BE-A314-C4FA9818279A}
		{2EFCC8E1-7A51-43EB-A4C7-795994AD54E9} = {0AF45384-2710-4429-BE06-D86CF9764B47}
		{F4CC6BBC-B7A8-4C70-9647-4ECBF1EFDF47} = {0AF45384-2710-4429-BE06-D86CF9764B47}
		{A8052CB0-BF7B-4FFB-960F-7FD9C1ACFA60} = {0AF45384-2710-4429-BE06-D86CF9764B47}
		{92DC24D6-8578-4851-B570-F4A182EB7649} = {0AF45384-2710-4429-BE06-D86CF9764B47}
		{EA80FC7B-4D91-4047-B609-A461E9968621} = {0AF45384-2710-4429-BE06-D86CF9764B47}
		{0C1D0D74-E9DC-4670-BFBD-2F9D4CD6367F} = {0AF45384-2710-4429-BE06-D86CF9764B47}
		{B325CBAC-1E0D-4847-9F26-DD3E9D43D426} = {0AF45384-2710-4429-BE06-D86CF9764B47}
		{F6277283-B283-4C86-BDD9-789FE7D28075} = {0AF45384-2710-4429-BE06-D86CF9764B47}
		{FFBCCE24-0A9E-42F3-A00B-40B4D5DCA58A} = {0AF45384-2710-4429-BE06-D86CF9764B47}
		{16F3D0E8-13C2-4B59-930E-48D995BA3D0A} = {0AF45384-2710-4429-BE06-D86CF9764B47}
		{4BF890C7-1B7E-4067-A2C6-7C95836D97DB} = {0AF45384-2710-4429-BE06-D86CF9764B47}
	EndGlobalSection
	GlobalSection(ExtensibilityGlobals) = postSolution
		SolutionGuid = {4C1D4FBD-DA12-4875-B63A-70C243505EEA}
	EndGlobalSection
EndGlobal
